// !$*UTF8*$!
{
	archiveVersion = 1;
	classes = {
	};
	objectVersion = 55;
	objects = {

/* Begin PBXBuildFile section */
		3B4120FC28BB781600EEB1ED /* Date+Extensions.swift in Sources */ = {isa = PBXBuildFile; fileRef = 3B4120FB28BB781600EEB1ED /* Date+Extensions.swift */; };
		3B4120FE28BBC6C200EEB1ED /* UIApplication+Extensions.swift in Sources */ = {isa = PBXBuildFile; fileRef = 3B4120FD28BBC6C200EEB1ED /* UIApplication+Extensions.swift */; };
		3B41210028BBD2DE00EEB1ED /* Injection.swift in Sources */ = {isa = PBXBuildFile; fileRef = 3B4120FF28BBD2DE00EEB1ED /* Injection.swift */; };
		3B4F5B8328B88DF700F76188 /* WeatherForecastView.swift in Sources */ = {isa = PBXBuildFile; fileRef = 3B4F5B8228B88DF700F76188 /* WeatherForecastView.swift */; };
		3B4F5B8528B88E0100F76188 /* WeatherForecastViewModel.swift in Sources */ = {isa = PBXBuildFile; fileRef = 3B4F5B8428B88E0100F76188 /* WeatherForecastViewModel.swift */; };
		3B5897F128B8DAA700B17078 /* ViewModelStateProtocol.swift in Sources */ = {isa = PBXBuildFile; fileRef = 3B5897F028B8DAA700B17078 /* ViewModelStateProtocol.swift */; };
		3B5897F328B8DD7F00B17078 /* WeatherForecast.swift in Sources */ = {isa = PBXBuildFile; fileRef = 3B5897F228B8DD7F00B17078 /* WeatherForecast.swift */; };
		3B5897F528B8E06A00B17078 /* City.swift in Sources */ = {isa = PBXBuildFile; fileRef = 3B5897F428B8E06A00B17078 /* City.swift */; };
		3B5897F828B90EAC00B17078 /* WeatherForecastRow.swift in Sources */ = {isa = PBXBuildFile; fileRef = 3B5897F728B90EAC00B17078 /* WeatherForecastRow.swift */; };
		3B5897FB28BA9A9A00B17078 /* WeatherDaily.swift in Sources */ = {isa = PBXBuildFile; fileRef = 3B5897FA28BA9A9A00B17078 /* WeatherDaily.swift */; };
		3BCFE10328B556DB003C9D95 /* Weather_AppApp.swift in Sources */ = {isa = PBXBuildFile; fileRef = 3BCFE10228B556DB003C9D95 /* Weather_AppApp.swift */; };
		3BCFE10528B556DB003C9D95 /* ContentView.swift in Sources */ = {isa = PBXBuildFile; fileRef = 3BCFE10428B556DB003C9D95 /* ContentView.swift */; };
		3BCFE10728B556DD003C9D95 /* Assets.xcassets in Resources */ = {isa = PBXBuildFile; fileRef = 3BCFE10628B556DD003C9D95 /* Assets.xcassets */; };
		3BCFE10A28B556DD003C9D95 /* Preview Assets.xcassets in Resources */ = {isa = PBXBuildFile; fileRef = 3BCFE10928B556DD003C9D95 /* Preview Assets.xcassets */; };
		3BCFE11428B556DD003C9D95 /* Weather_AppTests.swift in Sources */ = {isa = PBXBuildFile; fileRef = 3BCFE11328B556DD003C9D95 /* Weather_AppTests.swift */; };
		3BCFE11E28B556DD003C9D95 /* Weather_AppUITests.swift in Sources */ = {isa = PBXBuildFile; fileRef = 3BCFE11D28B556DD003C9D95 /* Weather_AppUITests.swift */; };
		3BCFE12028B556DD003C9D95 /* Weather_AppUITestsLaunchTests.swift in Sources */ = {isa = PBXBuildFile; fileRef = 3BCFE11F28B556DD003C9D95 /* Weather_AppUITestsLaunchTests.swift */; };
		3BCFE13028B74C74003C9D95 /* ApiManager.swift in Sources */ = {isa = PBXBuildFile; fileRef = 3BCFE12F28B74C74003C9D95 /* ApiManager.swift */; };
		3BCFE13728B757B0003C9D95 /* Swinject in Frameworks */ = {isa = PBXBuildFile; productRef = 3BCFE13628B757B0003C9D95 /* Swinject */; };
		3BCFE13A28B75850003C9D95 /* Alamofire in Frameworks */ = {isa = PBXBuildFile; productRef = 3BCFE13928B75850003C9D95 /* Alamofire */; };
		3BCFE13C28B758A4003C9D95 /* ApiRouter.swift in Sources */ = {isa = PBXBuildFile; fileRef = 3BCFE13B28B758A4003C9D95 /* ApiRouter.swift */; };
		3BCFE13E28B758CA003C9D95 /* NetworkLogger.swift in Sources */ = {isa = PBXBuildFile; fileRef = 3BCFE13D28B758CA003C9D95 /* NetworkLogger.swift */; };
		3BCFE14028B76181003C9D95 /* APIKey-info.plist in Resources */ = {isa = PBXBuildFile; fileRef = 3BCFE13F28B76181003C9D95 /* APIKey-info.plist */; };
		3BCFE14228B762DF003C9D95 /* WeatherCondition.swift in Sources */ = {isa = PBXBuildFile; fileRef = 3BCFE14128B762DF003C9D95 /* WeatherCondition.swift */; };
		3BCFE14428B763B0003C9D95 /* Weather.swift in Sources */ = {isa = PBXBuildFile; fileRef = 3BCFE14328B763B0003C9D95 /* Weather.swift */; };
		3BCFE14628B763DF003C9D95 /* Coordinate.swift in Sources */ = {isa = PBXBuildFile; fileRef = 3BCFE14528B763DF003C9D95 /* Coordinate.swift */; };
		3BCFE14828B76650003C9D95 /* Temperature.swift in Sources */ = {isa = PBXBuildFile; fileRef = 3BCFE14728B76650003C9D95 /* Temperature.swift */; };
		3BCFE14D28B7A09E003C9D95 /* LocationManager.swift in Sources */ = {isa = PBXBuildFile; fileRef = 3BCFE14C28B7A09E003C9D95 /* LocationManager.swift */; };
		3BCFE14F28B7A572003C9D95 /* WeatherViewModel.swift in Sources */ = {isa = PBXBuildFile; fileRef = 3BCFE14E28B7A572003C9D95 /* WeatherViewModel.swift */; };
		3BCFE15528B7BD2F003C9D95 /* Localizable.strings in Resources */ = {isa = PBXBuildFile; fileRef = 3BCFE15728B7BD2F003C9D95 /* Localizable.strings */; };
		3BCFE15928B7C16B003C9D95 /* WeatherView.swift in Sources */ = {isa = PBXBuildFile; fileRef = 3BCFE15828B7C16B003C9D95 /* WeatherView.swift */; };
		3BCFE15C28B7C228003C9D95 /* Text+Extensions.swift in Sources */ = {isa = PBXBuildFile; fileRef = 3BCFE15B28B7C228003C9D95 /* Text+Extensions.swift */; };
/* End PBXBuildFile section */

/* Begin PBXContainerItemProxy section */
		3BCFE11028B556DD003C9D95 /* PBXContainerItemProxy */ = {
			isa = PBXContainerItemProxy;
			containerPortal = 3BCFE0F728B556DA003C9D95 /* Project object */;
			proxyType = 1;
			remoteGlobalIDString = 3BCFE0FE28B556DB003C9D95;
			remoteInfo = "Weather App";
		};
		3BCFE11A28B556DD003C9D95 /* PBXContainerItemProxy */ = {
			isa = PBXContainerItemProxy;
			containerPortal = 3BCFE0F728B556DA003C9D95 /* Project object */;
			proxyType = 1;
			remoteGlobalIDString = 3BCFE0FE28B556DB003C9D95;
			remoteInfo = "Weather App";
		};
/* End PBXContainerItemProxy section */

/* Begin PBXFileReference section */
		3B4120FB28BB781600EEB1ED /* Date+Extensions.swift */ = {isa = PBXFileReference; lastKnownFileType = sourcecode.swift; path = "Date+Extensions.swift"; sourceTree = "<group>"; };
		3B4120FD28BBC6C200EEB1ED /* UIApplication+Extensions.swift */ = {isa = PBXFileReference; lastKnownFileType = sourcecode.swift; path = "UIApplication+Extensions.swift"; sourceTree = "<group>"; };
		3B4120FF28BBD2DE00EEB1ED /* Injection.swift */ = {isa = PBXFileReference; lastKnownFileType = sourcecode.swift; path = Injection.swift; sourceTree = "<group>"; };
		3B4F5B8228B88DF700F76188 /* WeatherForecastView.swift */ = {isa = PBXFileReference; lastKnownFileType = sourcecode.swift; path = WeatherForecastView.swift; sourceTree = "<group>"; };
		3B4F5B8428B88E0100F76188 /* WeatherForecastViewModel.swift */ = {isa = PBXFileReference; lastKnownFileType = sourcecode.swift; path = WeatherForecastViewModel.swift; sourceTree = "<group>"; };
		3B5897F028B8DAA700B17078 /* ViewModelStateProtocol.swift */ = {isa = PBXFileReference; lastKnownFileType = sourcecode.swift; path = ViewModelStateProtocol.swift; sourceTree = "<group>"; };
		3B5897F228B8DD7F00B17078 /* WeatherForecast.swift */ = {isa = PBXFileReference; lastKnownFileType = sourcecode.swift; path = WeatherForecast.swift; sourceTree = "<group>"; };
		3B5897F428B8E06A00B17078 /* City.swift */ = {isa = PBXFileReference; lastKnownFileType = sourcecode.swift; path = City.swift; sourceTree = "<group>"; };
		3B5897F728B90EAC00B17078 /* WeatherForecastRow.swift */ = {isa = PBXFileReference; lastKnownFileType = sourcecode.swift; path = WeatherForecastRow.swift; sourceTree = "<group>"; };
		3B5897FA28BA9A9A00B17078 /* WeatherDaily.swift */ = {isa = PBXFileReference; lastKnownFileType = sourcecode.swift; path = WeatherDaily.swift; sourceTree = "<group>"; };
		3BCFE0FF28B556DB003C9D95 /* Weather App.app */ = {isa = PBXFileReference; explicitFileType = wrapper.application; includeInIndex = 0; path = "Weather App.app"; sourceTree = BUILT_PRODUCTS_DIR; };
		3BCFE10228B556DB003C9D95 /* Weather_AppApp.swift */ = {isa = PBXFileReference; lastKnownFileType = sourcecode.swift; path = Weather_AppApp.swift; sourceTree = "<group>"; };
		3BCFE10428B556DB003C9D95 /* ContentView.swift */ = {isa = PBXFileReference; lastKnownFileType = sourcecode.swift; path = ContentView.swift; sourceTree = "<group>"; };
		3BCFE10628B556DD003C9D95 /* Assets.xcassets */ = {isa = PBXFileReference; lastKnownFileType = folder.assetcatalog; path = Assets.xcassets; sourceTree = "<group>"; };
		3BCFE10928B556DD003C9D95 /* Preview Assets.xcassets */ = {isa = PBXFileReference; lastKnownFileType = folder.assetcatalog; path = "Preview Assets.xcassets"; sourceTree = "<group>"; };
		3BCFE10F28B556DD003C9D95 /* Weather AppTests.xctest */ = {isa = PBXFileReference; explicitFileType = wrapper.cfbundle; includeInIndex = 0; path = "Weather AppTests.xctest"; sourceTree = BUILT_PRODUCTS_DIR; };
		3BCFE11328B556DD003C9D95 /* Weather_AppTests.swift */ = {isa = PBXFileReference; lastKnownFileType = sourcecode.swift; path = Weather_AppTests.swift; sourceTree = "<group>"; };
		3BCFE11928B556DD003C9D95 /* Weather AppUITests.xctest */ = {isa = PBXFileReference; explicitFileType = wrapper.cfbundle; includeInIndex = 0; path = "Weather AppUITests.xctest"; sourceTree = BUILT_PRODUCTS_DIR; };
		3BCFE11D28B556DD003C9D95 /* Weather_AppUITests.swift */ = {isa = PBXFileReference; lastKnownFileType = sourcecode.swift; path = Weather_AppUITests.swift; sourceTree = "<group>"; };
		3BCFE11F28B556DD003C9D95 /* Weather_AppUITestsLaunchTests.swift */ = {isa = PBXFileReference; lastKnownFileType = sourcecode.swift; path = Weather_AppUITestsLaunchTests.swift; sourceTree = "<group>"; };
		3BCFE12D28B74035003C9D95 /* Weather-App-Info.plist */ = {isa = PBXFileReference; lastKnownFileType = text.plist; path = "Weather-App-Info.plist"; sourceTree = SOURCE_ROOT; };
		3BCFE12F28B74C74003C9D95 /* ApiManager.swift */ = {isa = PBXFileReference; lastKnownFileType = sourcecode.swift; path = ApiManager.swift; sourceTree = "<group>"; };
		3BCFE13B28B758A4003C9D95 /* ApiRouter.swift */ = {isa = PBXFileReference; lastKnownFileType = sourcecode.swift; path = ApiRouter.swift; sourceTree = "<group>"; };
		3BCFE13D28B758CA003C9D95 /* NetworkLogger.swift */ = {isa = PBXFileReference; lastKnownFileType = sourcecode.swift; path = NetworkLogger.swift; sourceTree = "<group>"; };
		3BCFE13F28B76181003C9D95 /* APIKey-info.plist */ = {isa = PBXFileReference; lastKnownFileType = text.plist.xml; path = "APIKey-info.plist"; sourceTree = "<group>"; };
		3BCFE14128B762DF003C9D95 /* WeatherCondition.swift */ = {isa = PBXFileReference; lastKnownFileType = sourcecode.swift; path = WeatherCondition.swift; sourceTree = "<group>"; };
		3BCFE14328B763B0003C9D95 /* Weather.swift */ = {isa = PBXFileReference; lastKnownFileType = sourcecode.swift; path = Weather.swift; sourceTree = "<group>"; };
		3BCFE14528B763DF003C9D95 /* Coordinate.swift */ = {isa = PBXFileReference; lastKnownFileType = sourcecode.swift; path = Coordinate.swift; sourceTree = "<group>"; };
		3BCFE14728B76650003C9D95 /* Temperature.swift */ = {isa = PBXFileReference; lastKnownFileType = sourcecode.swift; path = Temperature.swift; sourceTree = "<group>"; };
		3BCFE14C28B7A09E003C9D95 /* LocationManager.swift */ = {isa = PBXFileReference; lastKnownFileType = sourcecode.swift; path = LocationManager.swift; sourceTree = "<group>"; };
		3BCFE14E28B7A572003C9D95 /* WeatherViewModel.swift */ = {isa = PBXFileReference; lastKnownFileType = sourcecode.swift; path = WeatherViewModel.swift; sourceTree = "<group>"; };
		3BCFE15628B7BD2F003C9D95 /* en */ = {isa = PBXFileReference; lastKnownFileType = text.plist.strings; name = en; path = en.lproj/Localizable.strings; sourceTree = "<group>"; };
		3BCFE15828B7C16B003C9D95 /* WeatherView.swift */ = {isa = PBXFileReference; lastKnownFileType = sourcecode.swift; path = WeatherView.swift; sourceTree = "<group>"; };
		3BCFE15B28B7C228003C9D95 /* Text+Extensions.swift */ = {isa = PBXFileReference; lastKnownFileType = sourcecode.swift; path = "Text+Extensions.swift"; sourceTree = "<group>"; };
/* End PBXFileReference section */

/* Begin PBXFrameworksBuildPhase section */
		3BCFE0FC28B556DB003C9D95 /* Frameworks */ = {
			isa = PBXFrameworksBuildPhase;
			buildActionMask = 2147483647;
			files = (
				3BCFE13728B757B0003C9D95 /* Swinject in Frameworks */,
				3BCFE13A28B75850003C9D95 /* Alamofire in Frameworks */,
			);
			runOnlyForDeploymentPostprocessing = 0;
		};
		3BCFE10C28B556DD003C9D95 /* Frameworks */ = {
			isa = PBXFrameworksBuildPhase;
			buildActionMask = 2147483647;
			files = (
			);
			runOnlyForDeploymentPostprocessing = 0;
		};
		3BCFE11628B556DD003C9D95 /* Frameworks */ = {
			isa = PBXFrameworksBuildPhase;
			buildActionMask = 2147483647;
			files = (
			);
			runOnlyForDeploymentPostprocessing = 0;
		};
/* End PBXFrameworksBuildPhase section */

/* Begin PBXGroup section */
		3B5897EF28B8DA8D00B17078 /* Common */ = {
			isa = PBXGroup;
			children = (
				3B5897F028B8DAA700B17078 /* ViewModelStateProtocol.swift */,
			);
			path = Common;
			sourceTree = "<group>";
		};
		3B5897F628B9095000B17078 /* WeatherForecast */ = {
			isa = PBXGroup;
			children = (
				3B4F5B8228B88DF700F76188 /* WeatherForecastView.swift */,
				3B4F5B8428B88E0100F76188 /* WeatherForecastViewModel.swift */,
				3B5897F728B90EAC00B17078 /* WeatherForecastRow.swift */,
			);
			path = WeatherForecast;
			sourceTree = "<group>";
		};
		3B5897F928B910EB00B17078 /* Weather */ = {
			isa = PBXGroup;
			children = (
				3BCFE14E28B7A572003C9D95 /* WeatherViewModel.swift */,
				3BCFE15828B7C16B003C9D95 /* WeatherView.swift */,
			);
			path = Weather;
			sourceTree = "<group>";
		};
		3BCFE0F628B556DA003C9D95 = {
			isa = PBXGroup;
			children = (
				3BCFE10128B556DB003C9D95 /* Weather App */,
				3BCFE11228B556DD003C9D95 /* Weather AppTests */,
				3BCFE11C28B556DD003C9D95 /* Weather AppUITests */,
				3BCFE10028B556DB003C9D95 /* Products */,
				3BCFE13128B74DB7003C9D95 /* Frameworks */,
			);
			sourceTree = "<group>";
		};
		3BCFE10028B556DB003C9D95 /* Products */ = {
			isa = PBXGroup;
			children = (
				3BCFE0FF28B556DB003C9D95 /* Weather App.app */,
				3BCFE10F28B556DD003C9D95 /* Weather AppTests.xctest */,
				3BCFE11928B556DD003C9D95 /* Weather AppUITests.xctest */,
			);
			name = Products;
			sourceTree = "<group>";
		};
		3BCFE10128B556DB003C9D95 /* Weather App */ = {
			isa = PBXGroup;
			children = (
				3B5897EF28B8DA8D00B17078 /* Common */,
				3BCFE15A28B7C212003C9D95 /* Extensions */,
				3BCFE15028B7B269003C9D95 /* Services */,
				3BCFE14928B77EC9003C9D95 /* Views */,
				3BCFE12D28B74035003C9D95 /* Weather-App-Info.plist */,
				3BCFE12C28B66F42003C9D95 /* Models */,
				3BCFE10228B556DB003C9D95 /* Weather_AppApp.swift */,
				3BCFE10428B556DB003C9D95 /* ContentView.swift */,
				3BCFE10628B556DD003C9D95 /* Assets.xcassets */,
				3BCFE10828B556DD003C9D95 /* Preview Content */,
				3BCFE13F28B76181003C9D95 /* APIKey-info.plist */,
				3BCFE15728B7BD2F003C9D95 /* Localizable.strings */,
			);
			path = "Weather App";
			sourceTree = "<group>";
		};
		3BCFE10828B556DD003C9D95 /* Preview Content */ = {
			isa = PBXGroup;
			children = (
				3BCFE10928B556DD003C9D95 /* Preview Assets.xcassets */,
			);
			path = "Preview Content";
			sourceTree = "<group>";
		};
		3BCFE11228B556DD003C9D95 /* Weather AppTests */ = {
			isa = PBXGroup;
			children = (
				3BCFE11328B556DD003C9D95 /* Weather_AppTests.swift */,
			);
			path = "Weather AppTests";
			sourceTree = "<group>";
		};
		3BCFE11C28B556DD003C9D95 /* Weather AppUITests */ = {
			isa = PBXGroup;
			children = (
				3BCFE11D28B556DD003C9D95 /* Weather_AppUITests.swift */,
				3BCFE11F28B556DD003C9D95 /* Weather_AppUITestsLaunchTests.swift */,
			);
			path = "Weather AppUITests";
			sourceTree = "<group>";
		};
		3BCFE12C28B66F42003C9D95 /* Models */ = {
			isa = PBXGroup;
			children = (
				3BCFE14128B762DF003C9D95 /* WeatherCondition.swift */,
				3BCFE14328B763B0003C9D95 /* Weather.swift */,
				3BCFE14528B763DF003C9D95 /* Coordinate.swift */,
				3BCFE14728B76650003C9D95 /* Temperature.swift */,
				3B5897F228B8DD7F00B17078 /* WeatherForecast.swift */,
				3B5897F428B8E06A00B17078 /* City.swift */,
				3B5897FA28BA9A9A00B17078 /* WeatherDaily.swift */,
			);
			path = Models;
			sourceTree = "<group>";
		};
		3BCFE12E28B74C59003C9D95 /* Networking */ = {
			isa = PBXGroup;
			children = (
				3BCFE12F28B74C74003C9D95 /* ApiManager.swift */,
				3BCFE13B28B758A4003C9D95 /* ApiRouter.swift */,
				3BCFE13D28B758CA003C9D95 /* NetworkLogger.swift */,
			);
			path = Networking;
			sourceTree = "<group>";
		};
		3BCFE13128B74DB7003C9D95 /* Frameworks */ = {
			isa = PBXGroup;
			children = (
			);
			name = Frameworks;
			sourceTree = "<group>";
		};
		3BCFE14928B77EC9003C9D95 /* Views */ = {
			isa = PBXGroup;
			children = (
				3B5897F928B910EB00B17078 /* Weather */,
				3B5897F628B9095000B17078 /* WeatherForecast */,
			);
			path = Views;
			sourceTree = "<group>";
		};
		3BCFE15028B7B269003C9D95 /* Services */ = {
			isa = PBXGroup;
			children = (
				3BCFE12E28B74C59003C9D95 /* Networking */,
				3BCFE14C28B7A09E003C9D95 /* LocationManager.swift */,
				3B4120FF28BBD2DE00EEB1ED /* Injection.swift */,
			);
			path = Services;
			sourceTree = "<group>";
		};
		3BCFE15A28B7C212003C9D95 /* Extensions */ = {
			isa = PBXGroup;
			children = (
				3BCFE15B28B7C228003C9D95 /* Text+Extensions.swift */,
				3B4120FB28BB781600EEB1ED /* Date+Extensions.swift */,
				3B4120FD28BBC6C200EEB1ED /* UIApplication+Extensions.swift */,
			);
			path = Extensions;
			sourceTree = "<group>";
		};
/* End PBXGroup section */

/* Begin PBXNativeTarget section */
		3BCFE0FE28B556DB003C9D95 /* Weather App */ = {
			isa = PBXNativeTarget;
			buildConfigurationList = 3BCFE12328B556DD003C9D95 /* Build configuration list for PBXNativeTarget "Weather App" */;
			buildPhases = (
				3BCFE0FB28B556DB003C9D95 /* Sources */,
				3BCFE0FC28B556DB003C9D95 /* Frameworks */,
				3BCFE0FD28B556DB003C9D95 /* Resources */,
			);
			buildRules = (
			);
			dependencies = (
			);
			name = "Weather App";
			packageProductDependencies = (
				3BCFE13628B757B0003C9D95 /* Swinject */,
				3BCFE13928B75850003C9D95 /* Alamofire */,
			);
			productName = "Weather App";
			productReference = 3BCFE0FF28B556DB003C9D95 /* Weather App.app */;
			productType = "com.apple.product-type.application";
		};
		3BCFE10E28B556DD003C9D95 /* Weather AppTests */ = {
			isa = PBXNativeTarget;
			buildConfigurationList = 3BCFE12628B556DD003C9D95 /* Build configuration list for PBXNativeTarget "Weather AppTests" */;
			buildPhases = (
				3BCFE10B28B556DD003C9D95 /* Sources */,
				3BCFE10C28B556DD003C9D95 /* Frameworks */,
				3BCFE10D28B556DD003C9D95 /* Resources */,
			);
			buildRules = (
			);
			dependencies = (
				3BCFE11128B556DD003C9D95 /* PBXTargetDependency */,
			);
			name = "Weather AppTests";
			productName = "Weather AppTests";
			productReference = 3BCFE10F28B556DD003C9D95 /* Weather AppTests.xctest */;
			productType = "com.apple.product-type.bundle.unit-test";
		};
		3BCFE11828B556DD003C9D95 /* Weather AppUITests */ = {
			isa = PBXNativeTarget;
			buildConfigurationList = 3BCFE12928B556DD003C9D95 /* Build configuration list for PBXNativeTarget "Weather AppUITests" */;
			buildPhases = (
				3BCFE11528B556DD003C9D95 /* Sources */,
				3BCFE11628B556DD003C9D95 /* Frameworks */,
				3BCFE11728B556DD003C9D95 /* Resources */,
			);
			buildRules = (
			);
			dependencies = (
				3BCFE11B28B556DD003C9D95 /* PBXTargetDependency */,
			);
			name = "Weather AppUITests";
			productName = "Weather AppUITests";
			productReference = 3BCFE11928B556DD003C9D95 /* Weather AppUITests.xctest */;
			productType = "com.apple.product-type.bundle.ui-testing";
		};
/* End PBXNativeTarget section */

/* Begin PBXProject section */
		3BCFE0F728B556DA003C9D95 /* Project object */ = {
			isa = PBXProject;
			attributes = {
				BuildIndependentTargetsInParallel = 1;
				LastSwiftUpdateCheck = 1330;
				LastUpgradeCheck = 1330;
				TargetAttributes = {
					3BCFE0FE28B556DB003C9D95 = {
						CreatedOnToolsVersion = 13.3.1;
					};
					3BCFE10E28B556DD003C9D95 = {
						CreatedOnToolsVersion = 13.3.1;
						TestTargetID = 3BCFE0FE28B556DB003C9D95;
					};
					3BCFE11828B556DD003C9D95 = {
						CreatedOnToolsVersion = 13.3.1;
						TestTargetID = 3BCFE0FE28B556DB003C9D95;
					};
				};
			};
			buildConfigurationList = 3BCFE0FA28B556DA003C9D95 /* Build configuration list for PBXProject "Weather App" */;
			compatibilityVersion = "Xcode 13.0";
			developmentRegion = en;
			hasScannedForEncodings = 0;
			knownRegions = (
				en,
				Base,
			);
			mainGroup = 3BCFE0F628B556DA003C9D95;
			packageReferences = (
				3BCFE13528B757B0003C9D95 /* XCRemoteSwiftPackageReference "Swinject" */,
				3BCFE13828B75850003C9D95 /* XCRemoteSwiftPackageReference "Alamofire" */,
			);
			productRefGroup = 3BCFE10028B556DB003C9D95 /* Products */;
			projectDirPath = "";
			projectRoot = "";
			targets = (
				3BCFE0FE28B556DB003C9D95 /* Weather App */,
				3BCFE10E28B556DD003C9D95 /* Weather AppTests */,
				3BCFE11828B556DD003C9D95 /* Weather AppUITests */,
			);
		};
/* End PBXProject section */

/* Begin PBXResourcesBuildPhase section */
		3BCFE0FD28B556DB003C9D95 /* Resources */ = {
			isa = PBXResourcesBuildPhase;
			buildActionMask = 2147483647;
			files = (
				3BCFE10A28B556DD003C9D95 /* Preview Assets.xcassets in Resources */,
				3BCFE15528B7BD2F003C9D95 /* Localizable.strings in Resources */,
				3BCFE14028B76181003C9D95 /* APIKey-info.plist in Resources */,
				3BCFE10728B556DD003C9D95 /* Assets.xcassets in Resources */,
			);
			runOnlyForDeploymentPostprocessing = 0;
		};
		3BCFE10D28B556DD003C9D95 /* Resources */ = {
			isa = PBXResourcesBuildPhase;
			buildActionMask = 2147483647;
			files = (
			);
			runOnlyForDeploymentPostprocessing = 0;
		};
		3BCFE11728B556DD003C9D95 /* Resources */ = {
			isa = PBXResourcesBuildPhase;
			buildActionMask = 2147483647;
			files = (
			);
			runOnlyForDeploymentPostprocessing = 0;
		};
/* End PBXResourcesBuildPhase section */

/* Begin PBXSourcesBuildPhase section */
		3BCFE0FB28B556DB003C9D95 /* Sources */ = {
			isa = PBXSourcesBuildPhase;
			buildActionMask = 2147483647;
			files = (
				3B4120FE28BBC6C200EEB1ED /* UIApplication+Extensions.swift in Sources */,
				3B5897FB28BA9A9A00B17078 /* WeatherDaily.swift in Sources */,
				3BCFE13E28B758CA003C9D95 /* NetworkLogger.swift in Sources */,
				3B4120FC28BB781600EEB1ED /* Date+Extensions.swift in Sources */,
				3B5897F328B8DD7F00B17078 /* WeatherForecast.swift in Sources */,
				3B41210028BBD2DE00EEB1ED /* Injection.swift in Sources */,
				3B5897F528B8E06A00B17078 /* City.swift in Sources */,
				3BCFE14628B763DF003C9D95 /* Coordinate.swift in Sources */,
				3BCFE14D28B7A09E003C9D95 /* LocationManager.swift in Sources */,
				3BCFE15928B7C16B003C9D95 /* WeatherView.swift in Sources */,
				3BCFE15C28B7C228003C9D95 /* Text+Extensions.swift in Sources */,
				3BCFE14F28B7A572003C9D95 /* WeatherViewModel.swift in Sources */,
				3B5897F128B8DAA700B17078 /* ViewModelStateProtocol.swift in Sources */,
				3B4F5B8528B88E0100F76188 /* WeatherForecastViewModel.swift in Sources */,
				3B4F5B8328B88DF700F76188 /* WeatherForecastView.swift in Sources */,
				3B5897F828B90EAC00B17078 /* WeatherForecastRow.swift in Sources */,
				3BCFE10528B556DB003C9D95 /* ContentView.swift in Sources */,
				3BCFE13C28B758A4003C9D95 /* ApiRouter.swift in Sources */,
				3BCFE14428B763B0003C9D95 /* Weather.swift in Sources */,
				3BCFE14828B76650003C9D95 /* Temperature.swift in Sources */,
				3BCFE13028B74C74003C9D95 /* ApiManager.swift in Sources */,
				3BCFE14228B762DF003C9D95 /* WeatherCondition.swift in Sources */,
				3BCFE10328B556DB003C9D95 /* Weather_AppApp.swift in Sources */,
			);
			runOnlyForDeploymentPostprocessing = 0;
		};
		3BCFE10B28B556DD003C9D95 /* Sources */ = {
			isa = PBXSourcesBuildPhase;
			buildActionMask = 2147483647;
			files = (
				3BCFE11428B556DD003C9D95 /* Weather_AppTests.swift in Sources */,
			);
			runOnlyForDeploymentPostprocessing = 0;
		};
		3BCFE11528B556DD003C9D95 /* Sources */ = {
			isa = PBXSourcesBuildPhase;
			buildActionMask = 2147483647;
			files = (
				3BCFE11E28B556DD003C9D95 /* Weather_AppUITests.swift in Sources */,
				3BCFE12028B556DD003C9D95 /* Weather_AppUITestsLaunchTests.swift in Sources */,
			);
			runOnlyForDeploymentPostprocessing = 0;
		};
/* End PBXSourcesBuildPhase section */

/* Begin PBXTargetDependency section */
		3BCFE11128B556DD003C9D95 /* PBXTargetDependency */ = {
			isa = PBXTargetDependency;
			target = 3BCFE0FE28B556DB003C9D95 /* Weather App */;
			targetProxy = 3BCFE11028B556DD003C9D95 /* PBXContainerItemProxy */;
		};
		3BCFE11B28B556DD003C9D95 /* PBXTargetDependency */ = {
			isa = PBXTargetDependency;
			target = 3BCFE0FE28B556DB003C9D95 /* Weather App */;
			targetProxy = 3BCFE11A28B556DD003C9D95 /* PBXContainerItemProxy */;
		};
/* End PBXTargetDependency section */

/* Begin PBXVariantGroup section */
		3BCFE15728B7BD2F003C9D95 /* Localizable.strings */ = {
			isa = PBXVariantGroup;
			children = (
				3BCFE15628B7BD2F003C9D95 /* en */,
			);
			name = Localizable.strings;
			sourceTree = "<group>";
		};
/* End PBXVariantGroup section */

/* Begin XCBuildConfiguration section */
		3BCFE12128B556DD003C9D95 /* Debug */ = {
			isa = XCBuildConfiguration;
			buildSettings = {
				ALWAYS_SEARCH_USER_PATHS = NO;
				CLANG_ANALYZER_NONNULL = YES;
				CLANG_ANALYZER_NUMBER_OBJECT_CONVERSION = YES_AGGRESSIVE;
				CLANG_CXX_LANGUAGE_STANDARD = "gnu++17";
				CLANG_ENABLE_MODULES = YES;
				CLANG_ENABLE_OBJC_ARC = YES;
				CLANG_ENABLE_OBJC_WEAK = YES;
				CLANG_WARN_BLOCK_CAPTURE_AUTORELEASING = YES;
				CLANG_WARN_BOOL_CONVERSION = YES;
				CLANG_WARN_COMMA = YES;
				CLANG_WARN_CONSTANT_CONVERSION = YES;
				CLANG_WARN_DEPRECATED_OBJC_IMPLEMENTATIONS = YES;
				CLANG_WARN_DIRECT_OBJC_ISA_USAGE = YES_ERROR;
				CLANG_WARN_DOCUMENTATION_COMMENTS = YES;
				CLANG_WARN_EMPTY_BODY = YES;
				CLANG_WARN_ENUM_CONVERSION = YES;
				CLANG_WARN_INFINITE_RECURSION = YES;
				CLANG_WARN_INT_CONVERSION = YES;
				CLANG_WARN_NON_LITERAL_NULL_CONVERSION = YES;
				CLANG_WARN_OBJC_IMPLICIT_RETAIN_SELF = YES;
				CLANG_WARN_OBJC_LITERAL_CONVERSION = YES;
				CLANG_WARN_OBJC_ROOT_CLASS = YES_ERROR;
				CLANG_WARN_QUOTED_INCLUDE_IN_FRAMEWORK_HEADER = YES;
				CLANG_WARN_RANGE_LOOP_ANALYSIS = YES;
				CLANG_WARN_STRICT_PROTOTYPES = YES;
				CLANG_WARN_SUSPICIOUS_MOVE = YES;
				CLANG_WARN_UNGUARDED_AVAILABILITY = YES_AGGRESSIVE;
				CLANG_WARN_UNREACHABLE_CODE = YES;
				CLANG_WARN__DUPLICATE_METHOD_MATCH = YES;
				COPY_PHASE_STRIP = NO;
				DEBUG_INFORMATION_FORMAT = dwarf;
				ENABLE_STRICT_OBJC_MSGSEND = YES;
				ENABLE_TESTABILITY = YES;
				GCC_C_LANGUAGE_STANDARD = gnu11;
				GCC_DYNAMIC_NO_PIC = NO;
				GCC_NO_COMMON_BLOCKS = YES;
				GCC_OPTIMIZATION_LEVEL = 0;
				GCC_PREPROCESSOR_DEFINITIONS = (
					"DEBUG=1",
					"$(inherited)",
				);
				GCC_WARN_64_TO_32_BIT_CONVERSION = YES;
				GCC_WARN_ABOUT_RETURN_TYPE = YES_ERROR;
				GCC_WARN_UNDECLARED_SELECTOR = YES;
				GCC_WARN_UNINITIALIZED_AUTOS = YES_AGGRESSIVE;
				GCC_WARN_UNUSED_FUNCTION = YES;
				GCC_WARN_UNUSED_VARIABLE = YES;
				IPHONEOS_DEPLOYMENT_TARGET = 15.4;
				MTL_ENABLE_DEBUG_INFO = INCLUDE_SOURCE;
				MTL_FAST_MATH = YES;
				ONLY_ACTIVE_ARCH = YES;
				SDKROOT = iphoneos;
				SWIFT_ACTIVE_COMPILATION_CONDITIONS = DEBUG;
				SWIFT_OPTIMIZATION_LEVEL = "-Onone";
			};
			name = Debug;
		};
		3BCFE12228B556DD003C9D95 /* Release */ = {
			isa = XCBuildConfiguration;
			buildSettings = {
				ALWAYS_SEARCH_USER_PATHS = NO;
				CLANG_ANALYZER_NONNULL = YES;
				CLANG_ANALYZER_NUMBER_OBJECT_CONVERSION = YES_AGGRESSIVE;
				CLANG_CXX_LANGUAGE_STANDARD = "gnu++17";
				CLANG_ENABLE_MODULES = YES;
				CLANG_ENABLE_OBJC_ARC = YES;
				CLANG_ENABLE_OBJC_WEAK = YES;
				CLANG_WARN_BLOCK_CAPTURE_AUTORELEASING = YES;
				CLANG_WARN_BOOL_CONVERSION = YES;
				CLANG_WARN_COMMA = YES;
				CLANG_WARN_CONSTANT_CONVERSION = YES;
				CLANG_WARN_DEPRECATED_OBJC_IMPLEMENTATIONS = YES;
				CLANG_WARN_DIRECT_OBJC_ISA_USAGE = YES_ERROR;
				CLANG_WARN_DOCUMENTATION_COMMENTS = YES;
				CLANG_WARN_EMPTY_BODY = YES;
				CLANG_WARN_ENUM_CONVERSION = YES;
				CLANG_WARN_INFINITE_RECURSION = YES;
				CLANG_WARN_INT_CONVERSION = YES;
				CLANG_WARN_NON_LITERAL_NULL_CONVERSION = YES;
				CLANG_WARN_OBJC_IMPLICIT_RETAIN_SELF = YES;
				CLANG_WARN_OBJC_LITERAL_CONVERSION = YES;
				CLANG_WARN_OBJC_ROOT_CLASS = YES_ERROR;
				CLANG_WARN_QUOTED_INCLUDE_IN_FRAMEWORK_HEADER = YES;
				CLANG_WARN_RANGE_LOOP_ANALYSIS = YES;
				CLANG_WARN_STRICT_PROTOTYPES = YES;
				CLANG_WARN_SUSPICIOUS_MOVE = YES;
				CLANG_WARN_UNGUARDED_AVAILABILITY = YES_AGGRESSIVE;
				CLANG_WARN_UNREACHABLE_CODE = YES;
				CLANG_WARN__DUPLICATE_METHOD_MATCH = YES;
				COPY_PHASE_STRIP = NO;
				DEBUG_INFORMATION_FORMAT = "dwarf-with-dsym";
				ENABLE_NS_ASSERTIONS = NO;
				ENABLE_STRICT_OBJC_MSGSEND = YES;
				GCC_C_LANGUAGE_STANDARD = gnu11;
				GCC_NO_COMMON_BLOCKS = YES;
				GCC_WARN_64_TO_32_BIT_CONVERSION = YES;
				GCC_WARN_ABOUT_RETURN_TYPE = YES_ERROR;
				GCC_WARN_UNDECLARED_SELECTOR = YES;
				GCC_WARN_UNINITIALIZED_AUTOS = YES_AGGRESSIVE;
				GCC_WARN_UNUSED_FUNCTION = YES;
				GCC_WARN_UNUSED_VARIABLE = YES;
				IPHONEOS_DEPLOYMENT_TARGET = 15.4;
				MTL_ENABLE_DEBUG_INFO = NO;
				MTL_FAST_MATH = YES;
				SDKROOT = iphoneos;
				SWIFT_COMPILATION_MODE = wholemodule;
				SWIFT_OPTIMIZATION_LEVEL = "-O";
				VALIDATE_PRODUCT = YES;
			};
			name = Release;
		};
		3BCFE12428B556DD003C9D95 /* Debug */ = {
			isa = XCBuildConfiguration;
			buildSettings = {
				ASSETCATALOG_COMPILER_APPICON_NAME = AppIcon;
				ASSETCATALOG_COMPILER_GLOBAL_ACCENT_COLOR_NAME = AccentColor;
				CODE_SIGN_STYLE = Automatic;
				CURRENT_PROJECT_VERSION = 1;
				DEVELOPMENT_ASSET_PATHS = "\"Weather App/Preview Content\"";
				ENABLE_PREVIEWS = YES;
				GENERATE_INFOPLIST_FILE = YES;
				INFOPLIST_FILE = "Weather-App-Info.plist";
				INFOPLIST_KEY_NSLocationWhenInUseUsageDescription = "$(PRODUCT_NAME) requires access to location to fetch your current weather information. ";
				INFOPLIST_KEY_UIApplicationSceneManifest_Generation = YES;
				INFOPLIST_KEY_UIApplicationSupportsIndirectInputEvents = YES;
				INFOPLIST_KEY_UILaunchScreen_Generation = YES;
				INFOPLIST_KEY_UISupportedInterfaceOrientations = "UIInterfaceOrientationPortrait UIInterfaceOrientationPortraitUpsideDown";
				INFOPLIST_KEY_UISupportedInterfaceOrientations_iPad = "UIInterfaceOrientationPortrait UIInterfaceOrientationPortraitUpsideDown UIInterfaceOrientationLandscapeLeft UIInterfaceOrientationLandscapeRight";
				INFOPLIST_KEY_UISupportedInterfaceOrientations_iPhone = "UIInterfaceOrientationPortrait UIInterfaceOrientationLandscapeLeft UIInterfaceOrientationLandscapeRight";
				LD_RUNPATH_SEARCH_PATHS = (
					"$(inherited)",
					"@executable_path/Frameworks",
				);
				MARKETING_VERSION = 1.0;
				PRODUCT_BUNDLE_IDENTIFIER = "com.steeve.fong.weather-app";
				PRODUCT_NAME = "$(TARGET_NAME)";
				SWIFT_EMIT_LOC_STRINGS = YES;
				SWIFT_VERSION = 5.0;
				TARGETED_DEVICE_FAMILY = "1,2";
			};
			name = Debug;
		};
		3BCFE12528B556DD003C9D95 /* Release */ = {
			isa = XCBuildConfiguration;
			buildSettings = {
				ASSETCATALOG_COMPILER_APPICON_NAME = AppIcon;
				ASSETCATALOG_COMPILER_GLOBAL_ACCENT_COLOR_NAME = AccentColor;
				CODE_SIGN_STYLE = Automatic;
				CURRENT_PROJECT_VERSION = 1;
				DEVELOPMENT_ASSET_PATHS = "\"Weather App/Preview Content\"";
				ENABLE_PREVIEWS = YES;
				GENERATE_INFOPLIST_FILE = YES;
				INFOPLIST_FILE = "Weather-App-Info.plist";
				INFOPLIST_KEY_NSLocationWhenInUseUsageDescription = "$(PRODUCT_NAME) requires access to location to fetch your current weather information. ";
				INFOPLIST_KEY_UIApplicationSceneManifest_Generation = YES;
				INFOPLIST_KEY_UIApplicationSupportsIndirectInputEvents = YES;
				INFOPLIST_KEY_UILaunchScreen_Generation = YES;
				INFOPLIST_KEY_UISupportedInterfaceOrientations = "UIInterfaceOrientationPortrait UIInterfaceOrientationPortraitUpsideDown";
				INFOPLIST_KEY_UISupportedInterfaceOrientations_iPad = "UIInterfaceOrientationPortrait UIInterfaceOrientationPortraitUpsideDown UIInterfaceOrientationLandscapeLeft UIInterfaceOrientationLandscapeRight";
				INFOPLIST_KEY_UISupportedInterfaceOrientations_iPhone = "UIInterfaceOrientationPortrait UIInterfaceOrientationLandscapeLeft UIInterfaceOrientationLandscapeRight";
				LD_RUNPATH_SEARCH_PATHS = (
					"$(inherited)",
					"@executable_path/Frameworks",
				);
				MARKETING_VERSION = 1.0;
				PRODUCT_BUNDLE_IDENTIFIER = "com.steeve.fong.weather-app";
				PRODUCT_NAME = "$(TARGET_NAME)";
				SWIFT_EMIT_LOC_STRINGS = YES;
				SWIFT_VERSION = 5.0;
				TARGETED_DEVICE_FAMILY = "1,2";
			};
			name = Release;
		};
		3BCFE12728B556DD003C9D95 /* Debug */ = {
			isa = XCBuildConfiguration;
			buildSettings = {
				ALWAYS_EMBED_SWIFT_STANDARD_LIBRARIES = YES;
				BUNDLE_LOADER = "$(TEST_HOST)";
				CODE_SIGN_STYLE = Automatic;
				CURRENT_PROJECT_VERSION = 1;
				GENERATE_INFOPLIST_FILE = YES;
				IPHONEOS_DEPLOYMENT_TARGET = 15.4;
				MARKETING_VERSION = 1.0;
				PRODUCT_BUNDLE_IDENTIFIER = "com.steeve.fong.weather-app.Weather-AppTests";
				PRODUCT_NAME = "$(TARGET_NAME)";
				SWIFT_EMIT_LOC_STRINGS = NO;
				SWIFT_VERSION = 5.0;
				TARGETED_DEVICE_FAMILY = "1,2";
				TEST_HOST = "$(BUILT_PRODUCTS_DIR)/Weather App.app/Weather App";
			};
			name = Debug;
		};
		3BCFE12828B556DD003C9D95 /* Release */ = {
			isa = XCBuildConfiguration;
			buildSettings = {
				ALWAYS_EMBED_SWIFT_STANDARD_LIBRARIES = YES;
				BUNDLE_LOADER = "$(TEST_HOST)";
				CODE_SIGN_STYLE = Automatic;
				CURRENT_PROJECT_VERSION = 1;
				GENERATE_INFOPLIST_FILE = YES;
				IPHONEOS_DEPLOYMENT_TARGET = 15.4;
				MARKETING_VERSION = 1.0;
				PRODUCT_BUNDLE_IDENTIFIER = "com.steeve.fong.weather-app.Weather-AppTests";
				PRODUCT_NAME = "$(TARGET_NAME)";
				SWIFT_EMIT_LOC_STRINGS = NO;
				SWIFT_VERSION = 5.0;
				TARGETED_DEVICE_FAMILY = "1,2";
				TEST_HOST = "$(BUILT_PRODUCTS_DIR)/Weather App.app/Weather App";
			};
			name = Release;
		};
		3BCFE12A28B556DD003C9D95 /* Debug */ = {
			isa = XCBuildConfiguration;
			buildSettings = {
				ALWAYS_EMBED_SWIFT_STANDARD_LIBRARIES = YES;
				CODE_SIGN_STYLE = Automatic;
				CURRENT_PROJECT_VERSION = 1;
				GENERATE_INFOPLIST_FILE = YES;
				MARKETING_VERSION = 1.0;
				PRODUCT_BUNDLE_IDENTIFIER = "com.steeve.fong.weather-app.Weather-AppUITests";
				PRODUCT_NAME = "$(TARGET_NAME)";
				SWIFT_EMIT_LOC_STRINGS = NO;
				SWIFT_VERSION = 5.0;
				TARGETED_DEVICE_FAMILY = "1,2";
				TEST_TARGET_NAME = "Weather App";
			};
			name = Debug;
		};
		3BCFE12B28B556DD003C9D95 /* Release */ = {
			isa = XCBuildConfiguration;
			buildSettings = {
				ALWAYS_EMBED_SWIFT_STANDARD_LIBRARIES = YES;
				CODE_SIGN_STYLE = Automatic;
				CURRENT_PROJECT_VERSION = 1;
				GENERATE_INFOPLIST_FILE = YES;
				MARKETING_VERSION = 1.0;
				PRODUCT_BUNDLE_IDENTIFIER = "com.steeve.fong.weather-app.Weather-AppUITests";
				PRODUCT_NAME = "$(TARGET_NAME)";
				SWIFT_EMIT_LOC_STRINGS = NO;
				SWIFT_VERSION = 5.0;
				TARGETED_DEVICE_FAMILY = "1,2";
				TEST_TARGET_NAME = "Weather App";
			};
			name = Release;
		};
/* End XCBuildConfiguration section */

/* Begin XCConfigurationList section */
		3BCFE0FA28B556DA003C9D95 /* Build configuration list for PBXProject "Weather App" */ = {
			isa = XCConfigurationList;
			buildConfigurations = (
				3BCFE12128B556DD003C9D95 /* Debug */,
				3BCFE12228B556DD003C9D95 /* Release */,
			);
			defaultConfigurationIsVisible = 0;
			defaultConfigurationName = Release;
		};
		3BCFE12328B556DD003C9D95 /* Build configuration list for PBXNativeTarget "Weather App" */ = {
			isa = XCConfigurationList;
			buildConfigurations = (
				3BCFE12428B556DD003C9D95 /* Debug */,
				3BCFE12528B556DD003C9D95 /* Release */,
			);
			defaultConfigurationIsVisible = 0;
			defaultConfigurationName = Release;
		};
		3BCFE12628B556DD003C9D95 /* Build configuration list for PBXNativeTarget "Weather AppTests" */ = {
			isa = XCConfigurationList;
			buildConfigurations = (
				3BCFE12728B556DD003C9D95 /* Debug */,
				3BCFE12828B556DD003C9D95 /* Release */,
			);
			defaultConfigurationIsVisible = 0;
			defaultConfigurationName = Release;
		};
		3BCFE12928B556DD003C9D95 /* Build configuration list for PBXNativeTarget "Weather AppUITests" */ = {
			isa = XCConfigurationList;
			buildConfigurations = (
				3BCFE12A28B556DD003C9D95 /* Debug */,
				3BCFE12B28B556DD003C9D95 /* Release */,
			);
			defaultConfigurationIsVisible = 0;
			defaultConfigurationName = Release;
		};
/* End XCConfigurationList section */

/* Begin XCRemoteSwiftPackageReference section */
		3BCFE13528B757B0003C9D95 /* XCRemoteSwiftPackageReference "Swinject" */ = {
			isa = XCRemoteSwiftPackageReference;
			repositoryURL = "https://github.com/Swinject/Swinject.git";
			requirement = {
				kind = upToNextMajorVersion;
				minimumVersion = 2.8.0;
			};
		};
		3BCFE13828B75850003C9D95 /* XCRemoteSwiftPackageReference "Alamofire" */ = {
			isa = XCRemoteSwiftPackageReference;
			repositoryURL = "https://github.com/Alamofire/Alamofire.git";
			requirement = {
				kind = upToNextMajorVersion;
				minimumVersion = 5.0.0;
			};
		};
/* End XCRemoteSwiftPackageReference section */

/* Begin XCSwiftPackageProductDependency section */
		3BCFE13628B757B0003C9D95 /* Swinject */ = {
			isa = XCSwiftPackageProductDependency;
			package = 3BCFE13528B757B0003C9D95 /* XCRemoteSwiftPackageReference "Swinject" */;
			productName = Swinject;
		};
		3BCFE13928B75850003C9D95 /* Alamofire */ = {
			isa = XCSwiftPackageProductDependency;
			package = 3BCFE13828B75850003C9D95 /* XCRemoteSwiftPackageReference "Alamofire" */;
			productName = Alamofire;
		};
/* End XCSwiftPackageProductDependency section */
	};
	rootObject = 3BCFE0F728B556DA003C9D95 /* Project object */;
}
